{
  "name": "ajs_node",
  "version": "1.0.0",
  "lockfileVersion": 2,
  "requires": true,
  "packages": {
    "": {
      "name": "ajs_node",
      "version": "1.0.0",
      "license": "ISC",
      "dependencies": {
        "@lana2810/ajs": "^1.0.0"
      }
    },
    "node_modules/@lana2810/ajs": {
      "version": "1.0.0",
      "resolved": "https://npm.pkg.github.com/download/@lana2810/ajs/1.0.0/20d951c065d2ce54bc6a0e2eb531b20811d5af7374427355d205e4b16f99993c",
      "integrity": "sha512-Sjy68+WmvfTDWtOLk9hUqn2ZX7P21DVoMK48yyGxzf65sv3rW47aZQUftND1t0JTwIF3Atl4CWOhPsor/99nqw==",
      "license": "ISC"
    }
  },
  "dependencies": {
    "@lana2810/ajs": {
      "version": "1.0.0",
      "resolved": "https://npm.pkg.github.com/download/@lana2810/ajs/1.0.0/20d951c065d2ce54bc6a0e2eb531b20811d5af7374427355d205e4b16f99993c",
      "integrity": "sha512-Sjy68+WmvfTDWtOLk9hUqn2ZX7P21DVoMK48yyGxzf65sv3rW47aZQUftND1t0JTwIF3Atl4CWOhPsor/99nqw=="
    }
  }
}
